
Microsoft Visual Studio Solution File, Format Version 12.00
# Visual Studio Version 16
VisualStudioVersion = 16.0.29905.134
MinimumVisualStudioVersion = 10.0.40219.1
Project("{FAE04EC0-301F-11D3-BF4B-00C04F79EFBC}") = "WebApi", "WebApi\WebApi.csproj", "{F96622D5-A005-4FC2-8AF6-1A27D03B401B}"
EndProject
Global
	GlobalSection(SolutionConfigurationPlatforms) = preSolution
		Debug|Any CPU = Debug|Any CPU
		Release|Any CPU = Release|Any CPU
	EndGlobalSection
	GlobalSection(ProjectConfigurationPlatforms) = postSolution
		{F96622D5-A005-4FC2-8AF6-1A27D03B401B}.Debug|Any CPU.ActiveCfg = Debug|Any CPU
		{F96622D5-A005-4FC2-8AF6-1A27D03B401B}.Debug|Any CPU.Build.0 = Debug|Any CPU
		{F96622D5-A005-4FC2-8AF6-1A27D03B401B}.Release|Any CPU.ActiveCfg = Release|Any CPU
		{F96622D5-A005-4FC2-8AF6-1A27D03B401B}.Release|Any CPU.Build.0 = Release|Any CPU
	EndGlobalSection
	GlobalSection(SolutionProperties) = preSolution
		HideSolutionNode = FALSE
	EndGlobalSection
	GlobalSection(ExtensibilityGlobals) = postSolution
		SolutionGuid = {0E518006-9621-4052-BAAD-434DBF30F8A1}
	EndGlobalSection
EndGlobal
